
Microsoft Visual Studio Solution File, Format Version 12.00
# Visual Studio 15
VisualStudioVersion = 15.0.28307.572
MinimumVisualStudioVersion = 10.0.40219.1
Project("{FAE04EC0-301F-11D3-BF4B-00C04F79EFBC}") = "Participle", "Participle\Participle.csproj", "{FFB77F31-D90C-424C-817C-21D26C17219C}"
EndProject
Global
	GlobalSection(SolutionConfigurationPlatforms) = preSolution
		Debug|Any CPU = Debug|Any CPU
		Release|Any CPU = Release|Any CPU
	EndGlobalSection
	GlobalSection(ProjectConfigurationPlatforms) = postSolution
		{FFB77F31-D90C-424C-817C-21D26C17219C}.Debug|Any CPU.ActiveCfg = Debug|Any CPU
		{FFB77F31-D90C-424C-817C-21D26C17219C}.Debug|Any CPU.Build.0 = Debug|Any CPU
		{FFB77F31-D90C-424C-817C-21D26C17219C}.Release|Any CPU.ActiveCfg = Release|Any CPU
		{FFB77F31-D90C-424C-817C-21D26C17219C}.Release|Any CPU.Build.0 = Release|Any CPU
	EndGlobalSection
	GlobalSection(SolutionProperties) = preSolution
		HideSolutionNode = FALSE
	EndGlobalSection
	GlobalSection(ExtensibilityGlobals) = postSolution
		SolutionGuid = {893FD9F7-82CE-470B-B9F5-78D38E57775D}
	EndGlobalSection
EndGlobal
